Microsoft Visual Studio Solution File, Format Version 12.00
# Visual Studio Version 17
VisualStudioVersion = 17.5.2.0
MinimumVisualStudioVersion = 10.0.40219.1
Project("{FAE04EC0-301F-11D3-BF4B-00C04F79EFBC}") = "auth1", "auth1.csproj", "{7040C108-F6F5-4B03-63DE-9AC1E9C22CB9}"
EndProject
Global
	GlobalSection(SolutionConfigurationPlatforms) = preSolution
		Debug|Any CPU = Debug|Any CPU
		Release|Any CPU = Release|Any CPU
	EndGlobalSection
	GlobalSection(ProjectConfigurationPlatforms) = postSolution
		{7040C108-F6F5-4B03-63DE-9AC1E9C22CB9}.Debug|Any CPU.ActiveCfg = Debug|Any CPU
		{7040C108-F6F5-4B03-63DE-9AC1E9C22CB9}.Debug|Any CPU.Build.0 = Debug|Any CPU
		{7040C108-F6F5-4B03-63DE-9AC1E9C22CB9}.Release|Any CPU.ActiveCfg = Release|Any CPU
		{7040C108-F6F5-4B03-63DE-9AC1E9C22CB9}.Release|Any CPU.Build.0 = Release|Any CPU
	EndGlobalSection
	GlobalSection(SolutionProperties) = preSolution
		HideSolutionNode = FALSE
	EndGlobalSection
	GlobalSection(ExtensibilityGlobals) = postSolution
		SolutionGuid = {908ABCD1-A8BD-4E22-87A5-DE7003530A73}
	EndGlobalSection
EndGlobal
